# THIS IS AN AUTOGENERATED FILE. DO NOT EDIT THIS FILE DIRECTLY.
# yarn lockfile v1


lambda-api@^1.0.0:
  version "1.0.0"
  resolved "https://registry.yarnpkg.com/lambda-api/-/lambda-api-1.0.0.tgz#e39697ffddf178e367dfd2ab54a0e2183ed9a3c8"
  integrity sha512-kDIldOFV5VSuJAh51DYh88lFf5iuugkaoKLYGJhVV42wBu4WWrmdabe/B+4Otg2mrVsBY4MIMIUEIymzcIrgTA==
